{
	"name": "p5play-template",
	"version": "1.2.7",
	"lockfileVersion": 3,
	"requires": true,
	"packages": {
		"": {
			"name": "p5play-template",
			"version": "1.2.7",
			"license": "CC0",
			"dependencies": {
				"p5play": "^3.24.1",
				"q5": "^2.9.3"
			}
		},
		"node_modules/p5play": {
			"version": "3.34.1",
			"resolved": "https://registry.npmjs.org/p5play/-/p5play-3.34.1.tgz",
			"integrity": "sha512-ISSlHhVyWUgLHcxSGp/5+nG+fdYlmBsgEG3V2mgAv4X3aTtaNFRWElZ30GeIKSb+SAmmo/xPGzsPtwn9DkF7vw==",
			"funding": [
				{
					"type": "patreon",
					"url": "https://www.patreon.com/q5play"
				},
				{
					"type": "ko-fi",
					"url": "https://ko-fi.com/q5play"
				},
				{
					"type": "github",
					"url": "https://github.com/sponsors/quinton-ashley"
				}
			],
			"license": "p5play Personal License"
		},
		"node_modules/q5": {
			"version": "2.30.2",
			"resolved": "https://registry.npmjs.org/q5/-/q5-2.30.2.tgz",
			"integrity": "sha512-xIfa5ZIxvo41cCFe7hKDuKS4taOEKyX+yzmXtU5sxdSW9iQsfTOss3Z7SSzaCkeZgMyFko/GrBhD0IXSMqkLNQ==",
			"license": "LGPL-3.0"
		}
	}
}
